
Microsoft Visual Studio Solution File, Format Version 12.00
# Visual Studio Version 17
VisualStudioVersion = 17.14.36414.22 d17.14
MinimumVisualStudioVersion = 10.0.40219.1
Project("{FAE04EC0-301F-11D3-BF4B-00C04F79EFBC}") = "ArduinoGraphViewer", "ArduinoGraphViewer\ArduinoGraphViewer.csproj", "{0A4D932D-6B2E-4FBF-B33A-FB733A16BA75}"
EndProject
Global
	GlobalSection(SolutionConfigurationPlatforms) = preSolution
		Debug|Any CPU = Debug|Any CPU
		Release|Any CPU = Release|Any CPU
	EndGlobalSection
	GlobalSection(ProjectConfigurationPlatforms) = postSolution
		{0A4D932D-6B2E-4FBF-B33A-FB733A16BA75}.Debug|Any CPU.ActiveCfg = Debug|Any CPU
		{0A4D932D-6B2E-4FBF-B33A-FB733A16BA75}.Debug|Any CPU.Build.0 = Debug|Any CPU
		{0A4D932D-6B2E-4FBF-B33A-FB733A16BA75}.Release|Any CPU.ActiveCfg = Release|Any CPU
		{0A4D932D-6B2E-4FBF-B33A-FB733A16BA75}.Release|Any CPU.Build.0 = Release|Any CPU
	EndGlobalSection
	GlobalSection(SolutionProperties) = preSolution
		HideSolutionNode = FALSE
	EndGlobalSection
	GlobalSection(ExtensibilityGlobals) = postSolution
		SolutionGuid = {97D0B02D-6B46-4674-AD24-36FD551242BF}
	EndGlobalSection
EndGlobal
